
Microsoft Visual Studio Solution File, Format Version 12.00
# Visual Studio Version 17
VisualStudioVersion = 17.2.32526.322
MinimumVisualStudioVersion = 10.0.40219.1
Project("{FAE04EC0-301F-11D3-BF4B-00C04F79EFBC}") = "Hanoi_Winform", "Hanoi_Winform\Hanoi_Winform.csproj", "{96DF3B54-9D8E-49A8-825C-A904CC10EC07}"
EndProject
Global
	GlobalSection(SolutionConfigurationPlatforms) = preSolution
		Debug|Any CPU = Debug|Any CPU
		Release|Any CPU = Release|Any CPU
	EndGlobalSection
	GlobalSection(ProjectConfigurationPlatforms) = postSolution
		{96DF3B54-9D8E-49A8-825C-A904CC10EC07}.Debug|Any CPU.ActiveCfg = Debug|Any CPU
		{96DF3B54-9D8E-49A8-825C-A904CC10EC07}.Debug|Any CPU.Build.0 = Debug|Any CPU
		{96DF3B54-9D8E-49A8-825C-A904CC10EC07}.Release|Any CPU.ActiveCfg = Release|Any CPU
		{96DF3B54-9D8E-49A8-825C-A904CC10EC07}.Release|Any CPU.Build.0 = Release|Any CPU
	EndGlobalSection
	GlobalSection(SolutionProperties) = preSolution
		HideSolutionNode = FALSE
	EndGlobalSection
	GlobalSection(ExtensibilityGlobals) = postSolution
		SolutionGuid = {D781D6C3-3985-48A7-ACDA-35FA833A151B}
	EndGlobalSection
EndGlobal
